
Microsoft Visual Studio Solution File, Format Version 12.00
# Visual Studio Version 16
VisualStudioVersion = 16.0.30907.101
MinimumVisualStudioVersion = 10.0.40219.1
Project("{FAE04EC0-301F-11D3-BF4B-00C04F79EFBC}") = "proyecto git", "proyecto git\proyecto git.csproj", "{F273BEDB-2DE4-4326-92D2-7CDBC9404EA3}"
EndProject
Global
	GlobalSection(SolutionConfigurationPlatforms) = preSolution
		Debug|Any CPU = Debug|Any CPU
		Release|Any CPU = Release|Any CPU
	EndGlobalSection
	GlobalSection(ProjectConfigurationPlatforms) = postSolution
		{F273BEDB-2DE4-4326-92D2-7CDBC9404EA3}.Debug|Any CPU.ActiveCfg = Debug|Any CPU
		{F273BEDB-2DE4-4326-92D2-7CDBC9404EA3}.Debug|Any CPU.Build.0 = Debug|Any CPU
		{F273BEDB-2DE4-4326-92D2-7CDBC9404EA3}.Release|Any CPU.ActiveCfg = Release|Any CPU
		{F273BEDB-2DE4-4326-92D2-7CDBC9404EA3}.Release|Any CPU.Build.0 = Release|Any CPU
	EndGlobalSection
	GlobalSection(SolutionProperties) = preSolution
		HideSolutionNode = FALSE
	EndGlobalSection
	GlobalSection(ExtensibilityGlobals) = postSolution
		SolutionGuid = {A559F45F-512F-4933-937B-FBFCC5C42971}
	EndGlobalSection
EndGlobal
